
Microsoft Visual Studio Solution File, Format Version 12.00
# Visual Studio Version 17
VisualStudioVersion = 17.11.35222.181
MinimumVisualStudioVersion = 10.0.40219.1
Project("{2150E333-8FDC-42A3-9474-1A3956D46DE8}") = "Solution Items", "Solution Items", "{DA46ABD1-5607-44FE-9E74-EAA9432F25D7}"
	ProjectSection(SolutionItems) = preProject
		README.txt = README.txt
	EndProjectSection
EndProject
Project("{FAE04EC0-301F-11D3-BF4B-00C04F79EFBC}") = "TriangleAngleAnalysis", "TriangleAngleAnalysis\TriangleAngleAnalysis.csproj", "{BBC8BC38-163E-4BEB-843E-B3A34F9414E3}"
EndProject
Global
	GlobalSection(SolutionConfigurationPlatforms) = preSolution
		Debug|Any CPU = Debug|Any CPU
		Release|Any CPU = Release|Any CPU
	EndGlobalSection
	GlobalSection(ProjectConfigurationPlatforms) = postSolution
		{BBC8BC38-163E-4BEB-843E-B3A34F9414E3}.Debug|Any CPU.ActiveCfg = Debug|Any CPU
		{BBC8BC38-163E-4BEB-843E-B3A34F9414E3}.Debug|Any CPU.Build.0 = Debug|Any CPU
		{BBC8BC38-163E-4BEB-843E-B3A34F9414E3}.Release|Any CPU.ActiveCfg = Release|Any CPU
		{BBC8BC38-163E-4BEB-843E-B3A34F9414E3}.Release|Any CPU.Build.0 = Release|Any CPU
	EndGlobalSection
	GlobalSection(SolutionProperties) = preSolution
		HideSolutionNode = FALSE
	EndGlobalSection
	GlobalSection(ExtensibilityGlobals) = postSolution
		SolutionGuid = {83CB77C4-FB0B-47E7-B332-90043E790FAB}
	EndGlobalSection
EndGlobal
